// !$*UTF8*$!
{
	archiveVersion = 1;
	classes = {
	};
	objectVersion = 56;
	objects = {

/* Begin PBXBuildFile section */
		0461A306293F4DE300EE0145 /* main.swift in Sources */ = {isa = PBXBuildFile; fileRef = 0461A305293F4DE300EE0145 /* main.swift */; };
		0461A30D293F4E4900EE0145 /* CarProtocol.swift in Sources */ = {isa = PBXBuildFile; fileRef = 0461A30C293F4E4900EE0145 /* CarProtocol.swift */; };
		0461A30F293F4F8E00EE0145 /* Pickup.swift in Sources */ = {isa = PBXBuildFile; fileRef = 0461A30E293F4F8E00EE0145 /* Pickup.swift */; };
		0461A311293F4FAE00EE0145 /* Jeep.swift in Sources */ = {isa = PBXBuildFile; fileRef = 0461A310293F4FAE00EE0145 /* Jeep.swift */; };
		0461A313293F4FD400EE0145 /* Crossover.swift in Sources */ = {isa = PBXBuildFile; fileRef = 0461A312293F4FD400EE0145 /* Crossover.swift */; };
		0461A317293F5F2F00EE0145 /* GoodsProtocol.swift in Sources */ = {isa = PBXBuildFile; fileRef = 0461A316293F5F2F00EE0145 /* GoodsProtocol.swift */; };
		0461A319293F5FF600EE0145 /* Food.swift in Sources */ = {isa = PBXBuildFile; fileRef = 0461A318293F5FF600EE0145 /* Food.swift */; };
		0461A31B293F600100EE0145 /* Drinks.swift in Sources */ = {isa = PBXBuildFile; fileRef = 0461A31A293F600100EE0145 /* Drinks.swift */; };
		0461A31D293F602700EE0145 /* Electronics.swift in Sources */ = {isa = PBXBuildFile; fileRef = 0461A31C293F602700EE0145 /* Electronics.swift */; };
		0461A31F293F608500EE0145 /* HouseholdChemicals.swift in Sources */ = {isa = PBXBuildFile; fileRef = 0461A31E293F608500EE0145 /* HouseholdChemicals.swift */; };
/* End PBXBuildFile section */

/* Begin PBXCopyFilesBuildPhase section */
		0461A300293F4DE300EE0145 /* CopyFiles */ = {
			isa = PBXCopyFilesBuildPhase;
			buildActionMask = 2147483647;
			dstPath = /usr/share/man/man1/;
			dstSubfolderSpec = 0;
			files = (
			);
			runOnlyForDeploymentPostprocessing = 1;
		};
/* End PBXCopyFilesBuildPhase section */

/* Begin PBXFileReference section */
		0461A302293F4DE300EE0145 /* Homework5_M2 */ = {isa = PBXFileReference; explicitFileType = "compiled.mach-o.executable"; includeInIndex = 0; path = Homework5_M2; sourceTree = BUILT_PRODUCTS_DIR; };
		0461A305293F4DE300EE0145 /* main.swift */ = {isa = PBXFileReference; lastKnownFileType = sourcecode.swift; path = main.swift; sourceTree = "<group>"; };
		0461A30C293F4E4900EE0145 /* CarProtocol.swift */ = {isa = PBXFileReference; lastKnownFileType = sourcecode.swift; path = CarProtocol.swift; sourceTree = "<group>"; };
		0461A30E293F4F8E00EE0145 /* Pickup.swift */ = {isa = PBXFileReference; lastKnownFileType = sourcecode.swift; path = Pickup.swift; sourceTree = "<group>"; };
		0461A310293F4FAE00EE0145 /* Jeep.swift */ = {isa = PBXFileReference; lastKnownFileType = sourcecode.swift; path = Jeep.swift; sourceTree = "<group>"; };
		0461A312293F4FD400EE0145 /* Crossover.swift */ = {isa = PBXFileReference; lastKnownFileType = sourcecode.swift; path = Crossover.swift; sourceTree = "<group>"; };
		0461A316293F5F2F00EE0145 /* GoodsProtocol.swift */ = {isa = PBXFileReference; lastKnownFileType = sourcecode.swift; path = GoodsProtocol.swift; sourceTree = "<group>"; };
		0461A318293F5FF600EE0145 /* Food.swift */ = {isa = PBXFileReference; lastKnownFileType = sourcecode.swift; path = Food.swift; sourceTree = "<group>"; };
		0461A31A293F600100EE0145 /* Drinks.swift */ = {isa = PBXFileReference; lastKnownFileType = sourcecode.swift; path = Drinks.swift; sourceTree = "<group>"; };
		0461A31C293F602700EE0145 /* Electronics.swift */ = {isa = PBXFileReference; lastKnownFileType = sourcecode.swift; path = Electronics.swift; sourceTree = "<group>"; };
		0461A31E293F608500EE0145 /* HouseholdChemicals.swift */ = {isa = PBXFileReference; lastKnownFileType = sourcecode.swift; path = HouseholdChemicals.swift; sourceTree = "<group>"; };
/* End PBXFileReference section */

/* Begin PBXFrameworksBuildPhase section */
		0461A2FF293F4DE300EE0145 /* Frameworks */ = {
			isa = PBXFrameworksBuildPhase;
			buildActionMask = 2147483647;
			files = (
			);
			runOnlyForDeploymentPostprocessing = 0;
		};
/* End PBXFrameworksBuildPhase section */

/* Begin PBXGroup section */
		0461A2F9293F4DE300EE0145 = {
			isa = PBXGroup;
			children = (
				0461A304293F4DE300EE0145 /* Homework5_M2 */,
				0461A303293F4DE300EE0145 /* Products */,
			);
			sourceTree = "<group>";
		};
		0461A303293F4DE300EE0145 /* Products */ = {
			isa = PBXGroup;
			children = (
				0461A302293F4DE300EE0145 /* Homework5_M2 */,
			);
			name = Products;
			sourceTree = "<group>";
		};
		0461A304293F4DE300EE0145 /* Homework5_M2 */ = {
			isa = PBXGroup;
			children = (
				0461A305293F4DE300EE0145 /* main.swift */,
				0461A315293F5E3900EE0145 /* ex 2 */,
				0461A314293F5DF500EE0145 /* ex 1 */,
			);
			path = Homework5_M2;
			sourceTree = "<group>";
		};
		0461A314293F5DF500EE0145 /* ex 1 */ = {
			isa = PBXGroup;
			children = (
				0461A30C293F4E4900EE0145 /* CarProtocol.swift */,
				0461A30E293F4F8E00EE0145 /* Pickup.swift */,
				0461A310293F4FAE00EE0145 /* Jeep.swift */,
				0461A312293F4FD400EE0145 /* Crossover.swift */,
			);
			path = "ex 1";
			sourceTree = "<group>";
		};
		0461A315293F5E3900EE0145 /* ex 2 */ = {
			isa = PBXGroup;
			children = (
				0461A316293F5F2F00EE0145 /* GoodsProtocol.swift */,
				0461A318293F5FF600EE0145 /* Food.swift */,
				0461A31A293F600100EE0145 /* Drinks.swift */,
				0461A31E293F608500EE0145 /* HouseholdChemicals.swift */,
				0461A31C293F602700EE0145 /* Electronics.swift */,
			);
			path = "ex 2";
			sourceTree = "<group>";
		};
/* End PBXGroup section */

/* Begin PBXNativeTarget section */
		0461A301293F4DE300EE0145 /* Homework5_M2 */ = {
			isa = PBXNativeTarget;
			buildConfigurationList = 0461A309293F4DE300EE0145 /* Build configuration list for PBXNativeTarget "Homework5_M2" */;
			buildPhases = (
				0461A2FE293F4DE300EE0145 /* Sources */,
				0461A2FF293F4DE300EE0145 /* Frameworks */,
				0461A300293F4DE300EE0145 /* CopyFiles */,
			);
			buildRules = (
			);
			dependencies = (
			);
			name = Homework5_M2;
			productName = Homework5_M2;
			productReference = 0461A302293F4DE300EE0145 /* Homework5_M2 */;
			productType = "com.apple.product-type.tool";
		};
/* End PBXNativeTarget section */

/* Begin PBXProject section */
		0461A2FA293F4DE300EE0145 /* Project object */ = {
			isa = PBXProject;
			attributes = {
				BuildIndependentTargetsInParallel = 1;
				LastSwiftUpdateCheck = 1400;
				LastUpgradeCheck = 1400;
				TargetAttributes = {
					0461A301293F4DE300EE0145 = {
						CreatedOnToolsVersion = 14.0.1;
					};
				};
			};
			buildConfigurationList = 0461A2FD293F4DE300EE0145 /* Build configuration list for PBXProject "Homework5_M2" */;
			compatibilityVersion = "Xcode 14.0";
			developmentRegion = en;
			hasScannedForEncodings = 0;
			knownRegions = (
				en,
				Base,
			);
			mainGroup = 0461A2F9293F4DE300EE0145;
			productRefGroup = 0461A303293F4DE300EE0145 /* Products */;
			projectDirPath = "";
			projectRoot = "";
			targets = (
				0461A301293F4DE300EE0145 /* Homework5_M2 */,
			);
		};
/* End PBXProject section */

/* Begin PBXSourcesBuildPhase section */
		0461A2FE293F4DE300EE0145 /* Sources */ = {
			isa = PBXSourcesBuildPhase;
			buildActionMask = 2147483647;
			files = (
				0461A319293F5FF600EE0145 /* Food.swift in Sources */,
				0461A30F293F4F8E00EE0145 /* Pickup.swift in Sources */,
				0461A31B293F600100EE0145 /* Drinks.swift in Sources */,
				0461A31F293F608500EE0145 /* HouseholdChemicals.swift in Sources */,
				0461A311293F4FAE00EE0145 /* Jeep.swift in Sources */,
				0461A313293F4FD400EE0145 /* Crossover.swift in Sources */,
				0461A30D293F4E4900EE0145 /* CarProtocol.swift in Sources */,
				0461A317293F5F2F00EE0145 /* GoodsProtocol.swift in Sources */,
				0461A31D293F602700EE0145 /* Electronics.swift in Sources */,
				0461A306293F4DE300EE0145 /* main.swift in Sources */,
			);
			runOnlyForDeploymentPostprocessing = 0;
		};
/* End PBXSourcesBuildPhase section */

/* Begin XCBuildConfiguration section */
		0461A307293F4DE300EE0145 /* Debug */ = {
			isa = XCBuildConfiguration;
			buildSettings = {
				ALWAYS_SEARCH_USER_PATHS = NO;
				CLANG_ANALYZER_NONNULL = YES;
				CLANG_ANALYZER_NUMBER_OBJECT_CONVERSION = YES_AGGRESSIVE;
				CLANG_CXX_LANGUAGE_STANDARD = "gnu++20";
				CLANG_ENABLE_MODULES = YES;
				CLANG_ENABLE_OBJC_ARC = YES;
				CLANG_ENABLE_OBJC_WEAK = YES;
				CLANG_WARN_BLOCK_CAPTURE_AUTORELEASING = YES;
				CLANG_WARN_BOOL_CONVERSION = YES;
				CLANG_WARN_COMMA = YES;
				CLANG_WARN_CONSTANT_CONVERSION = YES;
				CLANG_WARN_DEPRECATED_OBJC_IMPLEMENTATIONS = YES;
				CLANG_WARN_DIRECT_OBJC_ISA_USAGE = YES_ERROR;
				CLANG_WARN_DOCUMENTATION_COMMENTS = YES;
				CLANG_WARN_EMPTY_BODY = YES;
				CLANG_WARN_ENUM_CONVERSION = YES;
				CLANG_WARN_INFINITE_RECURSION = YES;
				CLANG_WARN_INT_CONVERSION = YES;
				CLANG_WARN_NON_LITERAL_NULL_CONVERSION = YES;
				CLANG_WARN_OBJC_IMPLICIT_RETAIN_SELF = YES;
				CLANG_WARN_OBJC_LITERAL_CONVERSION = YES;
				CLANG_WARN_OBJC_ROOT_CLASS = YES_ERROR;
				CLANG_WARN_QUOTED_INCLUDE_IN_FRAMEWORK_HEADER = YES;
				CLANG_WARN_RANGE_LOOP_ANALYSIS = YES;
				CLANG_WARN_STRICT_PROTOTYPES = YES;
				CLANG_WARN_SUSPICIOUS_MOVE = YES;
				CLANG_WARN_UNGUARDED_AVAILABILITY = YES_AGGRESSIVE;
				CLANG_WARN_UNREACHABLE_CODE = YES;
				CLANG_WARN__DUPLICATE_METHOD_MATCH = YES;
				COPY_PHASE_STRIP = NO;
				DEBUG_INFORMATION_FORMAT = dwarf;
				ENABLE_STRICT_OBJC_MSGSEND = YES;
				ENABLE_TESTABILITY = YES;
				GCC_C_LANGUAGE_STANDARD = gnu11;
				GCC_DYNAMIC_NO_PIC = NO;
				GCC_NO_COMMON_BLOCKS = YES;
				GCC_OPTIMIZATION_LEVEL = 0;
				GCC_PREPROCESSOR_DEFINITIONS = (
					"DEBUG=1",
					"$(inherited)",
				);
				GCC_WARN_64_TO_32_BIT_CONVERSION = YES;
				GCC_WARN_ABOUT_RETURN_TYPE = YES_ERROR;
				GCC_WARN_UNDECLARED_SELECTOR = YES;
				GCC_WARN_UNINITIALIZED_AUTOS = YES_AGGRESSIVE;
				GCC_WARN_UNUSED_FUNCTION = YES;
				GCC_WARN_UNUSED_VARIABLE = YES;
				MACOSX_DEPLOYMENT_TARGET = 12.3;
				MTL_ENABLE_DEBUG_INFO = INCLUDE_SOURCE;
				MTL_FAST_MATH = YES;
				ONLY_ACTIVE_ARCH = YES;
				SDKROOT = macosx;
				SWIFT_ACTIVE_COMPILATION_CONDITIONS = DEBUG;
				SWIFT_OPTIMIZATION_LEVEL = "-Onone";
			};
			name = Debug;
		};
		0461A308293F4DE300EE0145 /* Release */ = {
			isa = XCBuildConfiguration;
			buildSettings = {
				ALWAYS_SEARCH_USER_PATHS = NO;
				CLANG_ANALYZER_NONNULL = YES;
				CLANG_ANALYZER_NUMBER_OBJECT_CONVERSION = YES_AGGRESSIVE;
				CLANG_CXX_LANGUAGE_STANDARD = "gnu++20";
				CLANG_ENABLE_MODULES = YES;
				CLANG_ENABLE_OBJC_ARC = YES;
				CLANG_ENABLE_OBJC_WEAK = YES;
				CLANG_WARN_BLOCK_CAPTURE_AUTORELEASING = YES;
				CLANG_WARN_BOOL_CONVERSION = YES;
				CLANG_WARN_COMMA = YES;
				CLANG_WARN_CONSTANT_CONVERSION = YES;
				CLANG_WARN_DEPRECATED_OBJC_IMPLEMENTATIONS = YES;
				CLANG_WARN_DIRECT_OBJC_ISA_USAGE = YES_ERROR;
				CLANG_WARN_DOCUMENTATION_COMMENTS = YES;
				CLANG_WARN_EMPTY_BODY = YES;
				CLANG_WARN_ENUM_CONVERSION = YES;
				CLANG_WARN_INFINITE_RECURSION = YES;
				CLANG_WARN_INT_CONVERSION = YES;
				CLANG_WARN_NON_LITERAL_NULL_CONVERSION = YES;
				CLANG_WARN_OBJC_IMPLICIT_RETAIN_SELF = YES;
				CLANG_WARN_OBJC_LITERAL_CONVERSION = YES;
				CLANG_WARN_OBJC_ROOT_CLASS = YES_ERROR;
				CLANG_WARN_QUOTED_INCLUDE_IN_FRAMEWORK_HEADER = YES;
				CLANG_WARN_RANGE_LOOP_ANALYSIS = YES;
				CLANG_WARN_STRICT_PROTOTYPES = YES;
				CLANG_WARN_SUSPICIOUS_MOVE = YES;
				CLANG_WARN_UNGUARDED_AVAILABILITY = YES_AGGRESSIVE;
				CLANG_WARN_UNREACHABLE_CODE = YES;
				CLANG_WARN__DUPLICATE_METHOD_MATCH = YES;
				COPY_PHASE_STRIP = NO;
				DEBUG_INFORMATION_FORMAT = "dwarf-with-dsym";
				ENABLE_NS_ASSERTIONS = NO;
				ENABLE_STRICT_OBJC_MSGSEND = YES;
				GCC_C_LANGUAGE_STANDARD = gnu11;
				GCC_NO_COMMON_BLOCKS = YES;
				GCC_WARN_64_TO_32_BIT_CONVERSION = YES;
				GCC_WARN_ABOUT_RETURN_TYPE = YES_ERROR;
				GCC_WARN_UNDECLARED_SELECTOR = YES;
				GCC_WARN_UNINITIALIZED_AUTOS = YES_AGGRESSIVE;
				GCC_WARN_UNUSED_FUNCTION = YES;
				GCC_WARN_UNUSED_VARIABLE = YES;
				MACOSX_DEPLOYMENT_TARGET = 12.3;
				MTL_ENABLE_DEBUG_INFO = NO;
				MTL_FAST_MATH = YES;
				SDKROOT = macosx;
				SWIFT_COMPILATION_MODE = wholemodule;
				SWIFT_OPTIMIZATION_LEVEL = "-O";
			};
			name = Release;
		};
		0461A30A293F4DE300EE0145 /* Debug */ = {
			isa = XCBuildConfiguration;
			buildSettings = {
				CODE_SIGN_STYLE = Automatic;
				PRODUCT_NAME = "$(TARGET_NAME)";
				SWIFT_VERSION = 5.0;
			};
			name = Debug;
		};
		0461A30B293F4DE300EE0145 /* Release */ = {
			isa = XCBuildConfiguration;
			buildSettings = {
				CODE_SIGN_STYLE = Automatic;
				PRODUCT_NAME = "$(TARGET_NAME)";
				SWIFT_VERSION = 5.0;
			};
			name = Release;
		};
/* End XCBuildConfiguration section */

/* Begin XCConfigurationList section */
		0461A2FD293F4DE300EE0145 /* Build configuration list for PBXProject "Homework5_M2" */ = {
			isa = XCConfigurationList;
			buildConfigurations = (
				0461A307293F4DE300EE0145 /* Debug */,
				0461A308293F4DE300EE0145 /* Release */,
			);
			defaultConfigurationIsVisible = 0;
			defaultConfigurationName = Release;
		};
		0461A309293F4DE300EE0145 /* Build configuration list for PBXNativeTarget "Homework5_M2" */ = {
			isa = XCConfigurationList;
			buildConfigurations = (
				0461A30A293F4DE300EE0145 /* Debug */,
				0461A30B293F4DE300EE0145 /* Release */,
			);
			defaultConfigurationIsVisible = 0;
			defaultConfigurationName = Release;
		};
/* End XCConfigurationList section */
	};
	rootObject = 0461A2FA293F4DE300EE0145 /* Project object */;
}
